{
  "nodes": {
    "bizhawk-src": {
      "flake": false,
      "locked": {
        "lastModified": 1785863323,
        "narHash": "sha256-ossbY1BEW1N+X/j64SctZXwnG/IYQrHXVDHbMwzAXEg=",
        "ref": "refs/heads/master",
        "rev": "8557e3d779b224c52c2a4b5403bab16da30312f1",
        "revCount": 23707,
        "type": "git",
        "url": "https://github.com/TASEmulators/BizHawk"
      },
      "original": {
        "type": "git",
        "url": "https://github.com/TASEmulators/BizHawk"
      }
    },
    "nixpkgs": {
      "locked": {
        "lastModified": 1785571196,
        "narHash": "sha256-xwSqxTsama0YTtS78+4YyCm6jJg09v78QWfP1cAyoVA=",
        "rev": "148bab9c1c3c53136ecb44a6ea356a0ed5b39b06",
        "type": "tarball",
        "url": "https://releases.nixos.org/nixos/unstable/nixos-26.11pre1045728.148bab9c1c3c/nixexprs.tar.xz"
      },
      "original": {
        "id": "nixpkgs",
        "ref": "nixos-unstable",
        "type": "indirect"
      }
    },
    "root": {
      "inputs": {
        "bizhawk-src": "bizhawk-src",
        "nixpkgs": "nixpkgs"
      }
    }
  },
  "root": "root",
  "version": 7
}
